
Microsoft Visual Studio Solution File, Format Version 12.00
# Visual Studio Version 17
VisualStudioVersion = 17.11.35327.3
MinimumVisualStudioVersion = 10.0.40219.1
Project("{FAE04EC0-301F-11D3-BF4B-00C04F79EFBC}") = "VAF_ConfigPropertyMapping", "VAF_ConfigPropertyMapping\VAF_ConfigPropertyMapping.csproj", "{A2F2D489-B4C7-47E5-B6F2-C850EEE5445D}"
EndProject
Global
	GlobalSection(SolutionConfigurationPlatforms) = preSolution
		Debug|Any CPU = Debug|Any CPU
		Release|Any CPU = Release|Any CPU
	EndGlobalSection
	GlobalSection(ProjectConfigurationPlatforms) = postSolution
		{A2F2D489-B4C7-47E5-B6F2-C850EEE5445D}.Debug|Any CPU.ActiveCfg = Debug|Any CPU
		{A2F2D489-B4C7-47E5-B6F2-C850EEE5445D}.Debug|Any CPU.Build.0 = Debug|Any CPU
		{A2F2D489-B4C7-47E5-B6F2-C850EEE5445D}.Release|Any CPU.ActiveCfg = Release|Any CPU
		{A2F2D489-B4C7-47E5-B6F2-C850EEE5445D}.Release|Any CPU.Build.0 = Release|Any CPU
	EndGlobalSection
	GlobalSection(SolutionProperties) = preSolution
		HideSolutionNode = FALSE
	EndGlobalSection
	GlobalSection(ExtensibilityGlobals) = postSolution
		SolutionGuid = {7DE9D850-A81D-4EFB-A770-3E9E35FD664E}
	EndGlobalSection
EndGlobal
